{
  "requires": true,
  "lockfileVersion": 1,
  "dependencies": {
    "@types/animejs": {
      "version": "3.1.2",
      "resolved": "https://registry.npmjs.org/@types/animejs/-/animejs-3.1.2.tgz",
      "integrity": "sha512-GyyuoztWbZMErx9brJQChvvfeMd5vplWU/H6BYVl7JUcLoMaDOVxlqF3d4ypB7TzXnbgnMSykGmjAVVRsvhHhQ==",
      "dev": true
    }
  }
}
