
Microsoft Visual Studio Solution File, Format Version 12.00
# Visual Studio Version 16
VisualStudioVersion = 16.0.29609.76
MinimumVisualStudioVersion = 10.0.40219.1
Project("{FAE04EC0-301F-11D3-BF4B-00C04F79EFBC}") = "P01_StudentSystem", "P01_StudentSystem.csproj", "{880F2219-DD3D-4785-B540-00151E43EB49}"
EndProject
Project("{FAE04EC0-301F-11D3-BF4B-00C04F79EFBC}") = "P01_StudentSystem.Data", "..\P01_StudentSystem.Data\P01_StudentSystem.Data.csproj", "{286C0412-744B-45D7-9EB7-CEF00E35C79D}"
EndProject
Project("{FAE04EC0-301F-11D3-BF4B-00C04F79EFBC}") = "P01_StudentSystem.Data.Models", "..\P01_StudentSystem.Data.Models\P01_StudentSystem.Data.Models.csproj", "{36A5FD1B-6985-4F25-A6F8-FD4F9E15B1B1}"
EndProject
Global
	GlobalSection(SolutionConfigurationPlatforms) = preSolution
		Debug|Any CPU = Debug|Any CPU
		Release|Any CPU = Release|Any CPU
	EndGlobalSection
	GlobalSection(ProjectConfigurationPlatforms) = postSolution
		{880F2219-DD3D-4785-B540-00151E43EB49}.Debug|Any CPU.ActiveCfg = Debug|Any CPU
		{880F2219-DD3D-4785-B540-00151E43EB49}.Debug|Any CPU.Build.0 = Debug|Any CPU
		{880F2219-DD3D-4785-B540-00151E43EB49}.Release|Any CPU.ActiveCfg = Release|Any CPU
		{880F2219-DD3D-4785-B540-00151E43EB49}.Release|Any CPU.Build.0 = Release|Any CPU
		{286C0412-744B-45D7-9EB7-CEF00E35C79D}.Debug|Any CPU.ActiveCfg = Debug|Any CPU
		{286C0412-744B-45D7-9EB7-CEF00E35C79D}.Debug|Any CPU.Build.0 = Debug|Any CPU
		{286C0412-744B-45D7-9EB7-CEF00E35C79D}.Release|Any CPU.ActiveCfg = Release|Any CPU
		{286C0412-744B-45D7-9EB7-CEF00E35C79D}.Release|Any CPU.Build.0 = Release|Any CPU
		{36A5FD1B-6985-4F25-A6F8-FD4F9E15B1B1}.Debug|Any CPU.ActiveCfg = Debug|Any CPU
		{36A5FD1B-6985-4F25-A6F8-FD4F9E15B1B1}.Debug|Any CPU.Build.0 = Debug|Any CPU
		{36A5FD1B-6985-4F25-A6F8-FD4F9E15B1B1}.Release|Any CPU.ActiveCfg = Release|Any CPU
		{36A5FD1B-6985-4F25-A6F8-FD4F9E15B1B1}.Release|Any CPU.Build.0 = Release|Any CPU
	EndGlobalSection
	GlobalSection(SolutionProperties) = preSolution
		HideSolutionNode = FALSE
	EndGlobalSection
	GlobalSection(ExtensibilityGlobals) = postSolution
		SolutionGuid = {D41A7E46-7894-4FCC-AA7A-10A0F69CC90F}
	EndGlobalSection
EndGlobal
