
Microsoft Visual Studio Solution File, Format Version 12.00
# Visual Studio Version 16
VisualStudioVersion = 16.0.29609.76
MinimumVisualStudioVersion = 10.0.40219.1
Project("{FAE04EC0-301F-11D3-BF4B-00C04F79EFBC}") = "BookShop", "BookShop.csproj", "{7EB604BE-53B8-456D-BEEB-BEE7C3820CC2}"
EndProject
Project("{FAE04EC0-301F-11D3-BF4B-00C04F79EFBC}") = "BookShop.Data", "..\BookShop.Data\BookShop.Data.csproj", "{C049F516-C20A-41B0-BEDD-09C12CA985C7}"
EndProject
Project("{FAE04EC0-301F-11D3-BF4B-00C04F79EFBC}") = "BookShop.Models", "..\BookShop.Models\BookShop.Models.csproj", "{370A1BD7-ABE2-4973-83BF-A843088B4DA8}"
EndProject
Global
	GlobalSection(SolutionConfigurationPlatforms) = preSolution
		Debug|Any CPU = Debug|Any CPU
		Release|Any CPU = Release|Any CPU
	EndGlobalSection
	GlobalSection(ProjectConfigurationPlatforms) = postSolution
		{7EB604BE-53B8-456D-BEEB-BEE7C3820CC2}.Debug|Any CPU.ActiveCfg = Debug|Any CPU
		{7EB604BE-53B8-456D-BEEB-BEE7C3820CC2}.Debug|Any CPU.Build.0 = Debug|Any CPU
		{7EB604BE-53B8-456D-BEEB-BEE7C3820CC2}.Release|Any CPU.ActiveCfg = Release|Any CPU
		{7EB604BE-53B8-456D-BEEB-BEE7C3820CC2}.Release|Any CPU.Build.0 = Release|Any CPU
		{C049F516-C20A-41B0-BEDD-09C12CA985C7}.Debug|Any CPU.ActiveCfg = Debug|Any CPU
		{C049F516-C20A-41B0-BEDD-09C12CA985C7}.Debug|Any CPU.Build.0 = Debug|Any CPU
		{C049F516-C20A-41B0-BEDD-09C12CA985C7}.Release|Any CPU.ActiveCfg = Release|Any CPU
		{C049F516-C20A-41B0-BEDD-09C12CA985C7}.Release|Any CPU.Build.0 = Release|Any CPU
		{370A1BD7-ABE2-4973-83BF-A843088B4DA8}.Debug|Any CPU.ActiveCfg = Debug|Any CPU
		{370A1BD7-ABE2-4973-83BF-A843088B4DA8}.Debug|Any CPU.Build.0 = Debug|Any CPU
		{370A1BD7-ABE2-4973-83BF-A843088B4DA8}.Release|Any CPU.ActiveCfg = Release|Any CPU
		{370A1BD7-ABE2-4973-83BF-A843088B4DA8}.Release|Any CPU.Build.0 = Release|Any CPU
	EndGlobalSection
	GlobalSection(SolutionProperties) = preSolution
		HideSolutionNode = FALSE
	EndGlobalSection
	GlobalSection(ExtensibilityGlobals) = postSolution
		SolutionGuid = {C89989FC-D768-4A9F-AAA0-3E362C26E372}
	EndGlobalSection
EndGlobal
