
Microsoft Visual Studio Solution File, Format Version 12.00
# Visual Studio Version 16
VisualStudioVersion = 16.0.29519.87
MinimumVisualStudioVersion = 10.0.40219.1
Project("{FAE04EC0-301F-11D3-BF4B-00C04F79EFBC}") = "ReflectionLab", "ReflectionLab.csproj", "{CDB6F5E3-9DE0-44CE-BD81-270D4602C8EB}"
EndProject
Global
	GlobalSection(SolutionConfigurationPlatforms) = preSolution
		Debug|Any CPU = Debug|Any CPU
		Release|Any CPU = Release|Any CPU
	EndGlobalSection
	GlobalSection(ProjectConfigurationPlatforms) = postSolution
		{CDB6F5E3-9DE0-44CE-BD81-270D4602C8EB}.Debug|Any CPU.ActiveCfg = Debug|Any CPU
		{CDB6F5E3-9DE0-44CE-BD81-270D4602C8EB}.Debug|Any CPU.Build.0 = Debug|Any CPU
		{CDB6F5E3-9DE0-44CE-BD81-270D4602C8EB}.Release|Any CPU.ActiveCfg = Release|Any CPU
		{CDB6F5E3-9DE0-44CE-BD81-270D4602C8EB}.Release|Any CPU.Build.0 = Release|Any CPU
	EndGlobalSection
	GlobalSection(SolutionProperties) = preSolution
		HideSolutionNode = FALSE
	EndGlobalSection
	GlobalSection(ExtensibilityGlobals) = postSolution
		SolutionGuid = {70504D4C-08FE-493E-A909-3F6C57B456C4}
	EndGlobalSection
EndGlobal
